
Microsoft Visual Studio Solution File, Format Version 12.00
# Visual Studio Version 17
VisualStudioVersion = 17.0.31903.59
MinimumVisualStudioVersion = 10.0.40219.1
Project("{2150E333-8FDC-42A3-9474-1A3956D46DE8}") = "Week 1", "Week 1", "{BA8CF562-9E0F-4BBE-9870-0CB10D76F118}"
EndProject
Project("{2150E333-8FDC-42A3-9474-1A3956D46DE8}") = "Day 1", "Day 1", "{7CB33FD7-39A8-4BF3-830A-9213FE5D0234}"
EndProject
Project("{FAE04EC0-301F-11D3-BF4B-00C04F79EFBC}") = "project1", "Week 1\Day 1\project1\project1.csproj", "{EBAFAAF8-E110-42CE-B92C-AA1D7B056DA8}"
EndProject
Project("{FAE04EC0-301F-11D3-BF4B-00C04F79EFBC}") = "project2", "Week 1\Day 1\project2\project2.csproj", "{7904CFE3-6C86-451E-AE4E-78B7088D9751}"
EndProject
Project("{FAE04EC0-301F-11D3-BF4B-00C04F79EFBC}") = "project3", "Week 1\Day 1\project3\project3.csproj", "{EF039855-7D09-4DEC-A509-606C3525A90B}"
EndProject
Project("{2150E333-8FDC-42A3-9474-1A3956D46DE8}") = "Day 2", "Week 1\Day 2", "{79F10846-6661-4FD5-A758-2E3375BD8091}"
EndProject
Project("{FAE04EC0-301F-11D3-BF4B-00C04F79EFBC}") = "Class", "Week 1\Day 2\Class\Class.csproj", "{7FF5B66D-3443-410F-A347-8CC7D6AF35BE}"
EndProject
Project("{FAE04EC0-301F-11D3-BF4B-00C04F79EFBC}") = "Auto", "Week 1\Day 2\Auto\Auto.csproj", "{BE6B43A4-7647-46E6-8558-791CE24962B7}"
EndProject
Project("{FAE04EC0-301F-11D3-BF4B-00C04F79EFBC}") = "Inheritance", "Week 1\Day 2\Inheritance\Inheritance.csproj", "{A667FB91-E08A-4444-9886-DBDC4E96B6FB}"
EndProject
Project("{FAE04EC0-301F-11D3-BF4B-00C04F79EFBC}") = "Interfacing", "Week 1\Day 2\Interfacing\Interfacing.csproj", "{CFAC4DF4-E8F1-4F9E-808A-D2E384AB47BC}"
EndProject
Project("{2150E333-8FDC-42A3-9474-1A3956D46DE8}") = "Day 3", "Day 3", "{D6235A7F-17A2-49C2-B4A1-A5EB2FFFE097}"
EndProject
Project("{FAE04EC0-301F-11D3-BF4B-00C04F79EFBC}") = "VirtualOverride", "Week 1\Day 3\VirtualOverride\VirtualOverride.csproj", "{B72CA65A-302C-4285-A678-3F4C644C65F9}"
EndProject
Project("{FAE04EC0-301F-11D3-BF4B-00C04F79EFBC}") = "MethodHiding", "Week 1\Day 3\MethodHiding\MethodHiding.csproj", "{8406B11D-CA2B-44FE-B909-05B889DFE6BB}"
EndProject
Project("{FAE04EC0-301F-11D3-BF4B-00C04F79EFBC}") = "Interface", "Week 1\Day 3\Interface\Interface.csproj", "{CEB90F02-6D2C-42E4-88AD-B23F919AB927}"
EndProject
Project("{FAE04EC0-301F-11D3-BF4B-00C04F79EFBC}") = "InterfaceSeggregation", "Week 1\Day 3\InterfaceSeggregation\InterfaceSeggregation.csproj", "{6FD0A424-03DE-4581-99AB-0DC3EF139636}"
EndProject
Project("{FAE04EC0-301F-11D3-BF4B-00C04F79EFBC}") = "Casting", "Week 1\Day 3\Casting\Casting.csproj", "{951B20A8-1CBC-4509-B94C-A02096CEA9DA}"
EndProject
Project("{FAE04EC0-301F-11D3-BF4B-00C04F79EFBC}") = "Extension", "Week 1\Day 3\Extension\Extension.csproj", "{EEBE0716-100C-4928-8611-CF5FE138BD84}"
EndProject
Project("{FAE04EC0-301F-11D3-BF4B-00C04F79EFBC}") = "Static", "Week 1\Day 3\Static\Static.csproj", "{1B07DAB5-8744-4A5C-855A-ADEF91C44177}"
EndProject
Project("{2150E333-8FDC-42A3-9474-1A3956D46DE8}") = "Day 4", "Day 4", "{5C167E5B-9466-40E7-ACDF-E1AAB5FFDB98}"
EndProject
Project("{FAE04EC0-301F-11D3-BF4B-00C04F79EFBC}") = "AbstractClass", "Week 1\Day 4\AbstractClass\AbstractClass.csproj", "{B288B9EA-3524-4ECA-9AA4-0E579389BCE5}"
EndProject
Project("{FAE04EC0-301F-11D3-BF4B-00C04F79EFBC}") = "ValueandReference", "Week 1\Day 4\ValueandReference\ValueandReference.csproj", "{FCE38DCC-7DC6-4A1C-A617-072BE5ED821B}"
EndProject
Project("{FAE04EC0-301F-11D3-BF4B-00C04F79EFBC}") = "CarDealer", "Week 1\Day 4\VehicleDealer\VehicleDealer.csproj", "{17C90D49-E83B-4E31-AAE0-E3A14AEFFAD1}"
EndProject
Project("{2150E333-8FDC-42A3-9474-1A3956D46DE8}") = "Week 2", "Week 2", "{D855C9CE-51B5-4F07-9C01-BAAB9E9A9F89}"
EndProject
Project("{2150E333-8FDC-42A3-9474-1A3956D46DE8}") = "Day 5", "Day 5", "{3A8E3B6C-7C11-49C2-BF1F-B45CAF41ABA4}"
EndProject
Project("{FAE04EC0-301F-11D3-BF4B-00C04F79EFBC}") = "RefInOut", "Week 2\Day 5\RefInOut\RefInOut.csproj", "{715A7AEC-D262-4B28-8FF6-7B98ACA702DA}"
EndProject
Project("{FAE04EC0-301F-11D3-BF4B-00C04F79EFBC}") = "ObjectBoxingUnboxing", "Week 2\Day 5\ObjectBoxingUnboxing\ObjectBoxingUnboxing.csproj", "{E5DF2CC1-C178-4086-B625-BEB2169C3FF2}"
EndProject
Project("{FAE04EC0-301F-11D3-BF4B-00C04F79EFBC}") = "Parsing", "Week 2\Day 5\Parsing\Parsing.csproj", "{6CDA9DDD-6CDE-4CF1-89E2-FCE93CE805C4}"
EndProject
Project("{FAE04EC0-301F-11D3-BF4B-00C04F79EFBC}") = "Var", "Week 2\Day 5\Var\Var.csproj", "{F2CC206B-0A85-497A-9CBD-CA9A07C7FC0A}"
EndProject
Project("{FAE04EC0-301F-11D3-BF4B-00C04F79EFBC}") = "Enum", "Week 2\Day 5\Enum\Enum.csproj", "{6250C708-7C64-4FA9-9C7D-1F13F263BA56}"
EndProject
Project("{FAE04EC0-301F-11D3-BF4B-00C04F79EFBC}") = "FooBar", "Week 2\Day 5\FooBar\FooBar.csproj", "{07F985D2-D5EC-4A8F-9E1D-53D8C41E8203}"
EndProject
Project("{2150E333-8FDC-42A3-9474-1A3956D46DE8}") = "Day 6", "Day 6", "{5C8A12DC-12C0-456E-AB89-1787DA7C317D}"
EndProject
Project("{FAE04EC0-301F-11D3-BF4B-00C04F79EFBC}") = "GenericConstraints", "Week 2\Day 6\GenericConstraints\GenericConstraints.csproj", "{193672FB-3E11-45C6-8F62-8145456BA33E}"
EndProject
Project("{FAE04EC0-301F-11D3-BF4B-00C04F79EFBC}") = "GenericCollection", "Week 2\Day 6\GenericCollection\GenericCollection.csproj", "{5C190400-675F-4E88-AD6C-1B6BA894024B}"
EndProject
Project("{FAE04EC0-301F-11D3-BF4B-00C04F79EFBC}") = "GenericClass", "Week 2\Day 6\GenericClass\GenericClass.csproj", "{E6AFD109-1A73-4D87-92BD-045FA41F64A1}"
EndProject
Project("{FAE04EC0-301F-11D3-BF4B-00C04F79EFBC}") = "NonGenericCollection", "Week 2\Day 6\NonGenericCollection\NonGenericCollection.csproj", "{4234B74F-921F-4946-9C6E-CD952D6BA627}"
EndProject
Project("{FAE04EC0-301F-11D3-BF4B-00C04F79EFBC}") = "Geometry", "Geometry\Geometry.csproj", "{48908456-1824-4F43-B8EB-06A53A27E339}"
EndProject
Project("{FAE04EC0-301F-11D3-BF4B-00C04F79EFBC}") = "DelegateBasic", "Week 2\Day 6\DelegateBasic\DelegateBasic.csproj", "{2161C13C-1BE0-49B4-B6EA-C5A2075A9913}"
EndProject
Project("{FAE04EC0-301F-11D3-BF4B-00C04F79EFBC}") = "DelegatePubSub", "Week 2\Day 7\DelegatePubSub\DelegatePubSub.csproj", "{2570D73D-5DD4-483F-BABC-B4AD4BB185BC}"
EndProject
Project("{2150E333-8FDC-42A3-9474-1A3956D46DE8}") = "Day 7", "Day 7", "{74AA6F53-C561-4794-B825-6DAC056A8E58}"
EndProject
Project("{FAE04EC0-301F-11D3-BF4B-00C04F79EFBC}") = "DelegateReturnValue", "Week 2\Day 7\DelegateReturnValue\DelegateReturnValue.csproj", "{0E946D61-7006-43A1-B0CD-35C01FF6AD06}"
EndProject
Project("{FAE04EC0-301F-11D3-BF4B-00C04F79EFBC}") = "EventHandlerYoutuber", "Week 2\Day 7\EventHandler\EventHandlerYoutuber.csproj", "{9130B66F-7FA7-4C88-A7B0-5A496768D065}"
EndProject
Project("{2150E333-8FDC-42A3-9474-1A3956D46DE8}") = "Day 8", "Day 8", "{FCF97137-DD7E-4BAE-9C32-8E57FCB1F96C}"
EndProject
Project("{FAE04EC0-301F-11D3-BF4B-00C04F79EFBC}") = "DelegateFunc", "Week 2\Day 8\DelegateFunc\DelegateFunc.csproj", "{3B5FB172-C642-45C4-A579-08016D394808}"
EndProject
Project("{FAE04EC0-301F-11D3-BF4B-00C04F79EFBC}") = "DelegateAction", "Week 2\Day 8\DelegateAction\DelegateAction.csproj", "{16B82AC0-B5A3-4866-8472-AC5B7E2CAA59}"
EndProject
Project("{FAE04EC0-301F-11D3-BF4B-00C04F79EFBC}") = "LambdaExpression", "Week 2\Day 8\LambdaExpression\LambdaExpression.csproj", "{C5FB9200-0817-40D6-9191-4772BEC14AE4}"
EndProject
Project("{FAE04EC0-301F-11D3-BF4B-00C04F79EFBC}") = "ExceptionHandling", "Week 2\Day 8\ExceptionHandling\ExceptionHandling.csproj", "{8E41FD92-A163-4750-829E-6ACE46535EB9}"
EndProject
Project("{FAE04EC0-301F-11D3-BF4B-00C04F79EFBC}") = "EnumerableAndEnumerator", "Week 2\Day 8\EnumerableAndEnumerator\EnumerableAndEnumerator.csproj", "{212E367D-9941-4346-8359-71E0EBA4C7AB}"
EndProject
Project("{2150E333-8FDC-42A3-9474-1A3956D46DE8}") = "Week 3", "Week 3", "{27028C17-FF41-4BB7-B722-B186D0785A4F}"
EndProject
Project("{2150E333-8FDC-42A3-9474-1A3956D46DE8}") = "Day 9", "Day 9", "{770ADC7F-BA95-4648-A197-6B0531E711B5}"
EndProject
Project("{FAE04EC0-301F-11D3-BF4B-00C04F79EFBC}") = "StringTextHandling", "Week 3\Day 9\StringTextHandling\StringTextHandling.csproj", "{5702F0E5-3702-411D-8B5B-B52DFA87D7DB}"
EndProject
Project("{FAE04EC0-301F-11D3-BF4B-00C04F79EFBC}") = "DateAndTime", "Week 3\Day 9\DateAndTime\DateAndTime.csproj", "{CD0B2C06-2125-46A6-A31A-67DF64B8E83A}"
EndProject
Project("{2150E333-8FDC-42A3-9474-1A3956D46DE8}") = "Day 10", "Day 10", "{073E5CFD-7D7D-488B-8A99-E110425E2358}"
EndProject
Project("{FAE04EC0-301F-11D3-BF4B-00C04F79EFBC}") = "CollectionTesting", "Week 3\Day 10\CollectionTesting\CollectionTesting.csproj", "{312B43BD-ECE5-413B-9FCB-62C4E6F8470B}"
EndProject
Project("{FAE04EC0-301F-11D3-BF4B-00C04F79EFBC}") = "LecturePresence", "Week 3\Day 10\LecturePresence\LecturePresence.csproj", "{167A93BD-BE13-40A0-AB0B-59269AE68103}"
EndProject
Project("{FAE04EC0-301F-11D3-BF4B-00C04F79EFBC}") = "FormattingAndParsing", "FormattingAndParsing\FormattingAndParsing.csproj", "{7EAB1EE6-85EE-4E9A-A2C0-CF19B3F58B9C}"
EndProject
Project("{2150E333-8FDC-42A3-9474-1A3956D46DE8}") = "Week 4", "Week 4", "{00E1AC87-3830-4904-9500-C2EC94AF6FCD}"
EndProject
Project("{2150E333-8FDC-42A3-9474-1A3956D46DE8}") = "Week 5", "Week 5", "{6A26FF6E-B47D-4564-A240-D2A45D100029}"
EndProject
Project("{2150E333-8FDC-42A3-9474-1A3956D46DE8}") = "Day 17", "Day 17", "{488F5E63-F26B-4425-8B7D-8C78B9DC011C}"
EndProject
Project("{FAE04EC0-301F-11D3-BF4B-00C04F79EFBC}") = "GarbageCollection", "Week 5\Day 17\GarbageCollection\GarbageCollection.csproj", "{2517C9D4-E126-47E6-AE42-8938D40A5B48}"
EndProject
Project("{FAE04EC0-301F-11D3-BF4B-00C04F79EFBC}") = "Finalizer", "Week 5\Day 17\Finalizer\Finalizer.csproj", "{5809485A-2109-4A84-A27C-B23E27ADF16B}"
EndProject
Project("{FAE04EC0-301F-11D3-BF4B-00C04F79EFBC}") = "DisposePattern", "Dispose\DisposePattern.csproj", "{1226CD70-BB35-4192-95A8-A3353C6BEDB7}"
EndProject
Project("{2150E333-8FDC-42A3-9474-1A3956D46DE8}") = "Individual", "Individual", "{ABCF3E58-8C0F-42E4-8CC0-77F94D4AC696}"
EndProject
Project("{2150E333-8FDC-42A3-9474-1A3956D46DE8}") = "Scrabble", "Scrabble", "{53852643-8011-478E-9D6D-78A3C9A31C55}"
EndProject
Project("{FAE04EC0-301F-11D3-BF4B-00C04F79EFBC}") = "ScrabbleGame", "Individual Project\Scrabble\ScrabbleGame\ScrabbleGame.csproj", "{A798BDA9-7D11-48EF-9ECE-A0F9CA1618F8}"
EndProject
Project("{2150E333-8FDC-42A3-9474-1A3956D46DE8}") = "Day 18", "Day 18", "{A3FB23BF-428F-4E2E-94F7-6B6987B0C398}"
EndProject
Project("{2150E333-8FDC-42A3-9474-1A3956D46DE8}") = "Day 19", "Day 19", "{FC31091D-F9E1-47B4-AF6C-0789253D7ED0}"
EndProject
Project("{FAE04EC0-301F-11D3-BF4B-00C04F79EFBC}") = "Multithreading", "Week 5\Day 19\Multithreading\Multithreading.csproj", "{3B0A9A4B-0B57-416F-8D7B-B31C40A60D12}"
EndProject
Project("{FAE04EC0-301F-11D3-BF4B-00C04F79EFBC}") = "ForegroundBackgroundThread", "Week 5\Day 19\ForegroundBackgroundThread\ForegroundBackgroundThread.csproj", "{61F0F326-594E-4D21-AFC2-7FED87820BB2}"
EndProject
Project("{FAE04EC0-301F-11D3-BF4B-00C04F79EFBC}") = "UsingThreadPool", "Week 5\Day 19\UsingThreadPool\UsingThreadPool.csproj", "{8CD8BC7D-BB05-4671-B3D6-D63B560BBD06}"
EndProject
Global
	GlobalSection(SolutionConfigurationPlatforms) = preSolution
		Debug|Any CPU = Debug|Any CPU
		Release|Any CPU = Release|Any CPU
	EndGlobalSection
	GlobalSection(SolutionProperties) = preSolution
		HideSolutionNode = FALSE
	EndGlobalSection
	GlobalSection(ProjectConfigurationPlatforms) = postSolution
		{EBAFAAF8-E110-42CE-B92C-AA1D7B056DA8}.Debug|Any CPU.ActiveCfg = Debug|Any CPU
		{EBAFAAF8-E110-42CE-B92C-AA1D7B056DA8}.Debug|Any CPU.Build.0 = Debug|Any CPU
		{EBAFAAF8-E110-42CE-B92C-AA1D7B056DA8}.Release|Any CPU.ActiveCfg = Release|Any CPU
		{EBAFAAF8-E110-42CE-B92C-AA1D7B056DA8}.Release|Any CPU.Build.0 = Release|Any CPU
		{7904CFE3-6C86-451E-AE4E-78B7088D9751}.Debug|Any CPU.ActiveCfg = Debug|Any CPU
		{7904CFE3-6C86-451E-AE4E-78B7088D9751}.Debug|Any CPU.Build.0 = Debug|Any CPU
		{7904CFE3-6C86-451E-AE4E-78B7088D9751}.Release|Any CPU.ActiveCfg = Release|Any CPU
		{7904CFE3-6C86-451E-AE4E-78B7088D9751}.Release|Any CPU.Build.0 = Release|Any CPU
		{EF039855-7D09-4DEC-A509-606C3525A90B}.Debug|Any CPU.ActiveCfg = Debug|Any CPU
		{EF039855-7D09-4DEC-A509-606C3525A90B}.Debug|Any CPU.Build.0 = Debug|Any CPU
		{EF039855-7D09-4DEC-A509-606C3525A90B}.Release|Any CPU.ActiveCfg = Release|Any CPU
		{EF039855-7D09-4DEC-A509-606C3525A90B}.Release|Any CPU.Build.0 = Release|Any CPU
		{7FF5B66D-3443-410F-A347-8CC7D6AF35BE}.Debug|Any CPU.ActiveCfg = Debug|Any CPU
		{7FF5B66D-3443-410F-A347-8CC7D6AF35BE}.Debug|Any CPU.Build.0 = Debug|Any CPU
		{7FF5B66D-3443-410F-A347-8CC7D6AF35BE}.Release|Any CPU.ActiveCfg = Release|Any CPU
		{7FF5B66D-3443-410F-A347-8CC7D6AF35BE}.Release|Any CPU.Build.0 = Release|Any CPU
		{BE6B43A4-7647-46E6-8558-791CE24962B7}.Debug|Any CPU.ActiveCfg = Debug|Any CPU
		{BE6B43A4-7647-46E6-8558-791CE24962B7}.Debug|Any CPU.Build.0 = Debug|Any CPU
		{BE6B43A4-7647-46E6-8558-791CE24962B7}.Release|Any CPU.ActiveCfg = Release|Any CPU
		{BE6B43A4-7647-46E6-8558-791CE24962B7}.Release|Any CPU.Build.0 = Release|Any CPU
		{A667FB91-E08A-4444-9886-DBDC4E96B6FB}.Debug|Any CPU.ActiveCfg = Debug|Any CPU
		{A667FB91-E08A-4444-9886-DBDC4E96B6FB}.Debug|Any CPU.Build.0 = Debug|Any CPU
		{A667FB91-E08A-4444-9886-DBDC4E96B6FB}.Release|Any CPU.ActiveCfg = Release|Any CPU
		{A667FB91-E08A-4444-9886-DBDC4E96B6FB}.Release|Any CPU.Build.0 = Release|Any CPU
		{CFAC4DF4-E8F1-4F9E-808A-D2E384AB47BC}.Debug|Any CPU.ActiveCfg = Debug|Any CPU
		{CFAC4DF4-E8F1-4F9E-808A-D2E384AB47BC}.Debug|Any CPU.Build.0 = Debug|Any CPU
		{CFAC4DF4-E8F1-4F9E-808A-D2E384AB47BC}.Release|Any CPU.ActiveCfg = Release|Any CPU
		{CFAC4DF4-E8F1-4F9E-808A-D2E384AB47BC}.Release|Any CPU.Build.0 = Release|Any CPU
		{B72CA65A-302C-4285-A678-3F4C644C65F9}.Debug|Any CPU.ActiveCfg = Debug|Any CPU
		{B72CA65A-302C-4285-A678-3F4C644C65F9}.Debug|Any CPU.Build.0 = Debug|Any CPU
		{B72CA65A-302C-4285-A678-3F4C644C65F9}.Release|Any CPU.ActiveCfg = Release|Any CPU
		{B72CA65A-302C-4285-A678-3F4C644C65F9}.Release|Any CPU.Build.0 = Release|Any CPU
		{8406B11D-CA2B-44FE-B909-05B889DFE6BB}.Debug|Any CPU.ActiveCfg = Debug|Any CPU
		{8406B11D-CA2B-44FE-B909-05B889DFE6BB}.Debug|Any CPU.Build.0 = Debug|Any CPU
		{8406B11D-CA2B-44FE-B909-05B889DFE6BB}.Release|Any CPU.ActiveCfg = Release|Any CPU
		{8406B11D-CA2B-44FE-B909-05B889DFE6BB}.Release|Any CPU.Build.0 = Release|Any CPU
		{CEB90F02-6D2C-42E4-88AD-B23F919AB927}.Debug|Any CPU.ActiveCfg = Debug|Any CPU
		{CEB90F02-6D2C-42E4-88AD-B23F919AB927}.Debug|Any CPU.Build.0 = Debug|Any CPU
		{CEB90F02-6D2C-42E4-88AD-B23F919AB927}.Release|Any CPU.ActiveCfg = Release|Any CPU
		{CEB90F02-6D2C-42E4-88AD-B23F919AB927}.Release|Any CPU.Build.0 = Release|Any CPU
		{6FD0A424-03DE-4581-99AB-0DC3EF139636}.Debug|Any CPU.ActiveCfg = Debug|Any CPU
		{6FD0A424-03DE-4581-99AB-0DC3EF139636}.Debug|Any CPU.Build.0 = Debug|Any CPU
		{6FD0A424-03DE-4581-99AB-0DC3EF139636}.Release|Any CPU.ActiveCfg = Release|Any CPU
		{6FD0A424-03DE-4581-99AB-0DC3EF139636}.Release|Any CPU.Build.0 = Release|Any CPU
		{951B20A8-1CBC-4509-B94C-A02096CEA9DA}.Debug|Any CPU.ActiveCfg = Debug|Any CPU
		{951B20A8-1CBC-4509-B94C-A02096CEA9DA}.Debug|Any CPU.Build.0 = Debug|Any CPU
		{951B20A8-1CBC-4509-B94C-A02096CEA9DA}.Release|Any CPU.ActiveCfg = Release|Any CPU
		{951B20A8-1CBC-4509-B94C-A02096CEA9DA}.Release|Any CPU.Build.0 = Release|Any CPU
		{B288B9EA-3524-4ECA-9AA4-0E579389BCE5}.Debug|Any CPU.ActiveCfg = Debug|Any CPU
		{B288B9EA-3524-4ECA-9AA4-0E579389BCE5}.Debug|Any CPU.Build.0 = Debug|Any CPU
		{B288B9EA-3524-4ECA-9AA4-0E579389BCE5}.Release|Any CPU.ActiveCfg = Release|Any CPU
		{B288B9EA-3524-4ECA-9AA4-0E579389BCE5}.Release|Any CPU.Build.0 = Release|Any CPU
		{EEBE0716-100C-4928-8611-CF5FE138BD84}.Debug|Any CPU.ActiveCfg = Debug|Any CPU
		{EEBE0716-100C-4928-8611-CF5FE138BD84}.Debug|Any CPU.Build.0 = Debug|Any CPU
		{EEBE0716-100C-4928-8611-CF5FE138BD84}.Release|Any CPU.ActiveCfg = Release|Any CPU
		{EEBE0716-100C-4928-8611-CF5FE138BD84}.Release|Any CPU.Build.0 = Release|Any CPU
		{1B07DAB5-8744-4A5C-855A-ADEF91C44177}.Debug|Any CPU.ActiveCfg = Debug|Any CPU
		{1B07DAB5-8744-4A5C-855A-ADEF91C44177}.Debug|Any CPU.Build.0 = Debug|Any CPU
		{1B07DAB5-8744-4A5C-855A-ADEF91C44177}.Release|Any CPU.ActiveCfg = Release|Any CPU
		{1B07DAB5-8744-4A5C-855A-ADEF91C44177}.Release|Any CPU.Build.0 = Release|Any CPU
		{FCE38DCC-7DC6-4A1C-A617-072BE5ED821B}.Debug|Any CPU.ActiveCfg = Debug|Any CPU
		{FCE38DCC-7DC6-4A1C-A617-072BE5ED821B}.Debug|Any CPU.Build.0 = Debug|Any CPU
		{FCE38DCC-7DC6-4A1C-A617-072BE5ED821B}.Release|Any CPU.ActiveCfg = Release|Any CPU
		{FCE38DCC-7DC6-4A1C-A617-072BE5ED821B}.Release|Any CPU.Build.0 = Release|Any CPU
		{17C90D49-E83B-4E31-AAE0-E3A14AEFFAD1}.Debug|Any CPU.ActiveCfg = Debug|Any CPU
		{17C90D49-E83B-4E31-AAE0-E3A14AEFFAD1}.Debug|Any CPU.Build.0 = Debug|Any CPU
		{17C90D49-E83B-4E31-AAE0-E3A14AEFFAD1}.Release|Any CPU.ActiveCfg = Release|Any CPU
		{17C90D49-E83B-4E31-AAE0-E3A14AEFFAD1}.Release|Any CPU.Build.0 = Release|Any CPU
		{715A7AEC-D262-4B28-8FF6-7B98ACA702DA}.Debug|Any CPU.ActiveCfg = Debug|Any CPU
		{715A7AEC-D262-4B28-8FF6-7B98ACA702DA}.Debug|Any CPU.Build.0 = Debug|Any CPU
		{715A7AEC-D262-4B28-8FF6-7B98ACA702DA}.Release|Any CPU.ActiveCfg = Release|Any CPU
		{715A7AEC-D262-4B28-8FF6-7B98ACA702DA}.Release|Any CPU.Build.0 = Release|Any CPU
		{E5DF2CC1-C178-4086-B625-BEB2169C3FF2}.Debug|Any CPU.ActiveCfg = Debug|Any CPU
		{E5DF2CC1-C178-4086-B625-BEB2169C3FF2}.Debug|Any CPU.Build.0 = Debug|Any CPU
		{E5DF2CC1-C178-4086-B625-BEB2169C3FF2}.Release|Any CPU.ActiveCfg = Release|Any CPU
		{E5DF2CC1-C178-4086-B625-BEB2169C3FF2}.Release|Any CPU.Build.0 = Release|Any CPU
		{6CDA9DDD-6CDE-4CF1-89E2-FCE93CE805C4}.Debug|Any CPU.ActiveCfg = Debug|Any CPU
		{6CDA9DDD-6CDE-4CF1-89E2-FCE93CE805C4}.Debug|Any CPU.Build.0 = Debug|Any CPU
		{6CDA9DDD-6CDE-4CF1-89E2-FCE93CE805C4}.Release|Any CPU.ActiveCfg = Release|Any CPU
		{6CDA9DDD-6CDE-4CF1-89E2-FCE93CE805C4}.Release|Any CPU.Build.0 = Release|Any CPU
		{F2CC206B-0A85-497A-9CBD-CA9A07C7FC0A}.Debug|Any CPU.ActiveCfg = Debug|Any CPU
		{F2CC206B-0A85-497A-9CBD-CA9A07C7FC0A}.Debug|Any CPU.Build.0 = Debug|Any CPU
		{F2CC206B-0A85-497A-9CBD-CA9A07C7FC0A}.Release|Any CPU.ActiveCfg = Release|Any CPU
		{F2CC206B-0A85-497A-9CBD-CA9A07C7FC0A}.Release|Any CPU.Build.0 = Release|Any CPU
		{EE65ECBC-851B-471F-9A26-603A12F920AF}.Debug|Any CPU.ActiveCfg = Debug|Any CPU
		{EE65ECBC-851B-471F-9A26-603A12F920AF}.Debug|Any CPU.Build.0 = Debug|Any CPU
		{EE65ECBC-851B-471F-9A26-603A12F920AF}.Release|Any CPU.ActiveCfg = Release|Any CPU
		{EE65ECBC-851B-471F-9A26-603A12F920AF}.Release|Any CPU.Build.0 = Release|Any CPU
		{6250C708-7C64-4FA9-9C7D-1F13F263BA56}.Debug|Any CPU.ActiveCfg = Debug|Any CPU
		{6250C708-7C64-4FA9-9C7D-1F13F263BA56}.Debug|Any CPU.Build.0 = Debug|Any CPU
		{6250C708-7C64-4FA9-9C7D-1F13F263BA56}.Release|Any CPU.ActiveCfg = Release|Any CPU
		{6250C708-7C64-4FA9-9C7D-1F13F263BA56}.Release|Any CPU.Build.0 = Release|Any CPU
		{07F985D2-D5EC-4A8F-9E1D-53D8C41E8203}.Debug|Any CPU.ActiveCfg = Debug|Any CPU
		{07F985D2-D5EC-4A8F-9E1D-53D8C41E8203}.Debug|Any CPU.Build.0 = Debug|Any CPU
		{07F985D2-D5EC-4A8F-9E1D-53D8C41E8203}.Release|Any CPU.ActiveCfg = Release|Any CPU
		{07F985D2-D5EC-4A8F-9E1D-53D8C41E8203}.Release|Any CPU.Build.0 = Release|Any CPU
		{193672FB-3E11-45C6-8F62-8145456BA33E}.Debug|Any CPU.ActiveCfg = Debug|Any CPU
		{193672FB-3E11-45C6-8F62-8145456BA33E}.Debug|Any CPU.Build.0 = Debug|Any CPU
		{193672FB-3E11-45C6-8F62-8145456BA33E}.Release|Any CPU.ActiveCfg = Release|Any CPU
		{193672FB-3E11-45C6-8F62-8145456BA33E}.Release|Any CPU.Build.0 = Release|Any CPU
		{5C190400-675F-4E88-AD6C-1B6BA894024B}.Debug|Any CPU.ActiveCfg = Debug|Any CPU
		{5C190400-675F-4E88-AD6C-1B6BA894024B}.Debug|Any CPU.Build.0 = Debug|Any CPU
		{5C190400-675F-4E88-AD6C-1B6BA894024B}.Release|Any CPU.ActiveCfg = Release|Any CPU
		{5C190400-675F-4E88-AD6C-1B6BA894024B}.Release|Any CPU.Build.0 = Release|Any CPU
		{E6AFD109-1A73-4D87-92BD-045FA41F64A1}.Debug|Any CPU.ActiveCfg = Debug|Any CPU
		{E6AFD109-1A73-4D87-92BD-045FA41F64A1}.Debug|Any CPU.Build.0 = Debug|Any CPU
		{E6AFD109-1A73-4D87-92BD-045FA41F64A1}.Release|Any CPU.ActiveCfg = Release|Any CPU
		{E6AFD109-1A73-4D87-92BD-045FA41F64A1}.Release|Any CPU.Build.0 = Release|Any CPU
		{4234B74F-921F-4946-9C6E-CD952D6BA627}.Debug|Any CPU.ActiveCfg = Debug|Any CPU
		{4234B74F-921F-4946-9C6E-CD952D6BA627}.Debug|Any CPU.Build.0 = Debug|Any CPU
		{4234B74F-921F-4946-9C6E-CD952D6BA627}.Release|Any CPU.ActiveCfg = Release|Any CPU
		{4234B74F-921F-4946-9C6E-CD952D6BA627}.Release|Any CPU.Build.0 = Release|Any CPU
		{48908456-1824-4F43-B8EB-06A53A27E339}.Debug|Any CPU.ActiveCfg = Debug|Any CPU
		{48908456-1824-4F43-B8EB-06A53A27E339}.Debug|Any CPU.Build.0 = Debug|Any CPU
		{48908456-1824-4F43-B8EB-06A53A27E339}.Release|Any CPU.ActiveCfg = Release|Any CPU
		{48908456-1824-4F43-B8EB-06A53A27E339}.Release|Any CPU.Build.0 = Release|Any CPU
		{2161C13C-1BE0-49B4-B6EA-C5A2075A9913}.Debug|Any CPU.ActiveCfg = Debug|Any CPU
		{2161C13C-1BE0-49B4-B6EA-C5A2075A9913}.Debug|Any CPU.Build.0 = Debug|Any CPU
		{2161C13C-1BE0-49B4-B6EA-C5A2075A9913}.Release|Any CPU.ActiveCfg = Release|Any CPU
		{2161C13C-1BE0-49B4-B6EA-C5A2075A9913}.Release|Any CPU.Build.0 = Release|Any CPU
		{2570D73D-5DD4-483F-BABC-B4AD4BB185BC}.Debug|Any CPU.ActiveCfg = Debug|Any CPU
		{2570D73D-5DD4-483F-BABC-B4AD4BB185BC}.Debug|Any CPU.Build.0 = Debug|Any CPU
		{2570D73D-5DD4-483F-BABC-B4AD4BB185BC}.Release|Any CPU.ActiveCfg = Release|Any CPU
		{2570D73D-5DD4-483F-BABC-B4AD4BB185BC}.Release|Any CPU.Build.0 = Release|Any CPU
		{0E946D61-7006-43A1-B0CD-35C01FF6AD06}.Debug|Any CPU.ActiveCfg = Debug|Any CPU
		{0E946D61-7006-43A1-B0CD-35C01FF6AD06}.Debug|Any CPU.Build.0 = Debug|Any CPU
		{0E946D61-7006-43A1-B0CD-35C01FF6AD06}.Release|Any CPU.ActiveCfg = Release|Any CPU
		{0E946D61-7006-43A1-B0CD-35C01FF6AD06}.Release|Any CPU.Build.0 = Release|Any CPU
		{9130B66F-7FA7-4C88-A7B0-5A496768D065}.Debug|Any CPU.ActiveCfg = Debug|Any CPU
		{9130B66F-7FA7-4C88-A7B0-5A496768D065}.Debug|Any CPU.Build.0 = Debug|Any CPU
		{9130B66F-7FA7-4C88-A7B0-5A496768D065}.Release|Any CPU.ActiveCfg = Release|Any CPU
		{9130B66F-7FA7-4C88-A7B0-5A496768D065}.Release|Any CPU.Build.0 = Release|Any CPU
		{3B5FB172-C642-45C4-A579-08016D394808}.Debug|Any CPU.ActiveCfg = Debug|Any CPU
		{3B5FB172-C642-45C4-A579-08016D394808}.Debug|Any CPU.Build.0 = Debug|Any CPU
		{3B5FB172-C642-45C4-A579-08016D394808}.Release|Any CPU.ActiveCfg = Release|Any CPU
		{3B5FB172-C642-45C4-A579-08016D394808}.Release|Any CPU.Build.0 = Release|Any CPU
		{16B82AC0-B5A3-4866-8472-AC5B7E2CAA59}.Debug|Any CPU.ActiveCfg = Debug|Any CPU
		{16B82AC0-B5A3-4866-8472-AC5B7E2CAA59}.Debug|Any CPU.Build.0 = Debug|Any CPU
		{16B82AC0-B5A3-4866-8472-AC5B7E2CAA59}.Release|Any CPU.ActiveCfg = Release|Any CPU
		{16B82AC0-B5A3-4866-8472-AC5B7E2CAA59}.Release|Any CPU.Build.0 = Release|Any CPU
		{C5FB9200-0817-40D6-9191-4772BEC14AE4}.Debug|Any CPU.ActiveCfg = Debug|Any CPU
		{C5FB9200-0817-40D6-9191-4772BEC14AE4}.Debug|Any CPU.Build.0 = Debug|Any CPU
		{C5FB9200-0817-40D6-9191-4772BEC14AE4}.Release|Any CPU.ActiveCfg = Release|Any CPU
		{C5FB9200-0817-40D6-9191-4772BEC14AE4}.Release|Any CPU.Build.0 = Release|Any CPU
		{8E41FD92-A163-4750-829E-6ACE46535EB9}.Debug|Any CPU.ActiveCfg = Debug|Any CPU
		{8E41FD92-A163-4750-829E-6ACE46535EB9}.Debug|Any CPU.Build.0 = Debug|Any CPU
		{8E41FD92-A163-4750-829E-6ACE46535EB9}.Release|Any CPU.ActiveCfg = Release|Any CPU
		{8E41FD92-A163-4750-829E-6ACE46535EB9}.Release|Any CPU.Build.0 = Release|Any CPU
		{212E367D-9941-4346-8359-71E0EBA4C7AB}.Debug|Any CPU.ActiveCfg = Debug|Any CPU
		{212E367D-9941-4346-8359-71E0EBA4C7AB}.Debug|Any CPU.Build.0 = Debug|Any CPU
		{212E367D-9941-4346-8359-71E0EBA4C7AB}.Release|Any CPU.ActiveCfg = Release|Any CPU
		{212E367D-9941-4346-8359-71E0EBA4C7AB}.Release|Any CPU.Build.0 = Release|Any CPU
		{312B43BD-ECE5-413B-9FCB-62C4E6F8470B}.Debug|Any CPU.ActiveCfg = Debug|Any CPU
		{312B43BD-ECE5-413B-9FCB-62C4E6F8470B}.Debug|Any CPU.Build.0 = Debug|Any CPU
		{312B43BD-ECE5-413B-9FCB-62C4E6F8470B}.Release|Any CPU.ActiveCfg = Release|Any CPU
		{312B43BD-ECE5-413B-9FCB-62C4E6F8470B}.Release|Any CPU.Build.0 = Release|Any CPU
		{167A93BD-BE13-40A0-AB0B-59269AE68103}.Debug|Any CPU.ActiveCfg = Debug|Any CPU
		{167A93BD-BE13-40A0-AB0B-59269AE68103}.Debug|Any CPU.Build.0 = Debug|Any CPU
		{167A93BD-BE13-40A0-AB0B-59269AE68103}.Release|Any CPU.ActiveCfg = Release|Any CPU
		{167A93BD-BE13-40A0-AB0B-59269AE68103}.Release|Any CPU.Build.0 = Release|Any CPU
		{5702F0E5-3702-411D-8B5B-B52DFA87D7DB}.Debug|Any CPU.ActiveCfg = Debug|Any CPU
		{5702F0E5-3702-411D-8B5B-B52DFA87D7DB}.Debug|Any CPU.Build.0 = Debug|Any CPU
		{5702F0E5-3702-411D-8B5B-B52DFA87D7DB}.Release|Any CPU.ActiveCfg = Release|Any CPU
		{5702F0E5-3702-411D-8B5B-B52DFA87D7DB}.Release|Any CPU.Build.0 = Release|Any CPU
		{CD0B2C06-2125-46A6-A31A-67DF64B8E83A}.Debug|Any CPU.ActiveCfg = Debug|Any CPU
		{CD0B2C06-2125-46A6-A31A-67DF64B8E83A}.Debug|Any CPU.Build.0 = Debug|Any CPU
		{CD0B2C06-2125-46A6-A31A-67DF64B8E83A}.Release|Any CPU.ActiveCfg = Release|Any CPU
		{CD0B2C06-2125-46A6-A31A-67DF64B8E83A}.Release|Any CPU.Build.0 = Release|Any CPU
		{7EAB1EE6-85EE-4E9A-A2C0-CF19B3F58B9C}.Debug|Any CPU.ActiveCfg = Debug|Any CPU
		{7EAB1EE6-85EE-4E9A-A2C0-CF19B3F58B9C}.Debug|Any CPU.Build.0 = Debug|Any CPU
		{7EAB1EE6-85EE-4E9A-A2C0-CF19B3F58B9C}.Release|Any CPU.ActiveCfg = Release|Any CPU
		{7EAB1EE6-85EE-4E9A-A2C0-CF19B3F58B9C}.Release|Any CPU.Build.0 = Release|Any CPU
		{2517C9D4-E126-47E6-AE42-8938D40A5B48}.Debug|Any CPU.ActiveCfg = Debug|Any CPU
		{2517C9D4-E126-47E6-AE42-8938D40A5B48}.Debug|Any CPU.Build.0 = Debug|Any CPU
		{2517C9D4-E126-47E6-AE42-8938D40A5B48}.Release|Any CPU.ActiveCfg = Release|Any CPU
		{2517C9D4-E126-47E6-AE42-8938D40A5B48}.Release|Any CPU.Build.0 = Release|Any CPU
		{5809485A-2109-4A84-A27C-B23E27ADF16B}.Debug|Any CPU.ActiveCfg = Debug|Any CPU
		{5809485A-2109-4A84-A27C-B23E27ADF16B}.Debug|Any CPU.Build.0 = Debug|Any CPU
		{5809485A-2109-4A84-A27C-B23E27ADF16B}.Release|Any CPU.ActiveCfg = Release|Any CPU
		{5809485A-2109-4A84-A27C-B23E27ADF16B}.Release|Any CPU.Build.0 = Release|Any CPU
		{1226CD70-BB35-4192-95A8-A3353C6BEDB7}.Debug|Any CPU.ActiveCfg = Debug|Any CPU
		{1226CD70-BB35-4192-95A8-A3353C6BEDB7}.Debug|Any CPU.Build.0 = Debug|Any CPU
		{1226CD70-BB35-4192-95A8-A3353C6BEDB7}.Release|Any CPU.ActiveCfg = Release|Any CPU
		{1226CD70-BB35-4192-95A8-A3353C6BEDB7}.Release|Any CPU.Build.0 = Release|Any CPU
		{A798BDA9-7D11-48EF-9ECE-A0F9CA1618F8}.Debug|Any CPU.ActiveCfg = Debug|Any CPU
		{A798BDA9-7D11-48EF-9ECE-A0F9CA1618F8}.Debug|Any CPU.Build.0 = Debug|Any CPU
		{A798BDA9-7D11-48EF-9ECE-A0F9CA1618F8}.Release|Any CPU.ActiveCfg = Release|Any CPU
		{A798BDA9-7D11-48EF-9ECE-A0F9CA1618F8}.Release|Any CPU.Build.0 = Release|Any CPU
		{3B0A9A4B-0B57-416F-8D7B-B31C40A60D12}.Debug|Any CPU.ActiveCfg = Debug|Any CPU
		{3B0A9A4B-0B57-416F-8D7B-B31C40A60D12}.Debug|Any CPU.Build.0 = Debug|Any CPU
		{3B0A9A4B-0B57-416F-8D7B-B31C40A60D12}.Release|Any CPU.ActiveCfg = Release|Any CPU
		{3B0A9A4B-0B57-416F-8D7B-B31C40A60D12}.Release|Any CPU.Build.0 = Release|Any CPU
		{61F0F326-594E-4D21-AFC2-7FED87820BB2}.Debug|Any CPU.ActiveCfg = Debug|Any CPU
		{61F0F326-594E-4D21-AFC2-7FED87820BB2}.Debug|Any CPU.Build.0 = Debug|Any CPU
		{61F0F326-594E-4D21-AFC2-7FED87820BB2}.Release|Any CPU.ActiveCfg = Release|Any CPU
		{61F0F326-594E-4D21-AFC2-7FED87820BB2}.Release|Any CPU.Build.0 = Release|Any CPU
		{8CD8BC7D-BB05-4671-B3D6-D63B560BBD06}.Debug|Any CPU.ActiveCfg = Debug|Any CPU
		{8CD8BC7D-BB05-4671-B3D6-D63B560BBD06}.Debug|Any CPU.Build.0 = Debug|Any CPU
		{8CD8BC7D-BB05-4671-B3D6-D63B560BBD06}.Release|Any CPU.ActiveCfg = Release|Any CPU
		{8CD8BC7D-BB05-4671-B3D6-D63B560BBD06}.Release|Any CPU.Build.0 = Release|Any CPU
	EndGlobalSection
	GlobalSection(NestedProjects) = preSolution
		{8CD8BC7D-BB05-4671-B3D6-D63B560BBD06} = {FC31091D-F9E1-47B4-AF6C-0789253D7ED0}
		{61F0F326-594E-4D21-AFC2-7FED87820BB2} = {FC31091D-F9E1-47B4-AF6C-0789253D7ED0}
		{3B0A9A4B-0B57-416F-8D7B-B31C40A60D12} = {FC31091D-F9E1-47B4-AF6C-0789253D7ED0}
		{FC31091D-F9E1-47B4-AF6C-0789253D7ED0} = {6A26FF6E-B47D-4564-A240-D2A45D100029}
		{A3FB23BF-428F-4E2E-94F7-6B6987B0C398} = {6A26FF6E-B47D-4564-A240-D2A45D100029}
		{A798BDA9-7D11-48EF-9ECE-A0F9CA1618F8} = {53852643-8011-478E-9D6D-78A3C9A31C55}
		{53852643-8011-478E-9D6D-78A3C9A31C55} = {ABCF3E58-8C0F-42E4-8CC0-77F94D4AC696}
		{1226CD70-BB35-4192-95A8-A3353C6BEDB7} = {488F5E63-F26B-4425-8B7D-8C78B9DC011C}
		{5809485A-2109-4A84-A27C-B23E27ADF16B} = {488F5E63-F26B-4425-8B7D-8C78B9DC011C}
		{2517C9D4-E126-47E6-AE42-8938D40A5B48} = {488F5E63-F26B-4425-8B7D-8C78B9DC011C}
		{488F5E63-F26B-4425-8B7D-8C78B9DC011C} = {6A26FF6E-B47D-4564-A240-D2A45D100029}
		{770ADC7F-BA95-4648-A197-6B0531E711B5} = {27028C17-FF41-4BB7-B722-B186D0785A4F}
		{073E5CFD-7D7D-488B-8A99-E110425E2358} = {27028C17-FF41-4BB7-B722-B186D0785A4F}
		{3A8E3B6C-7C11-49C2-BF1F-B45CAF41ABA4} = {D855C9CE-51B5-4F07-9C01-BAAB9E9A9F89}
		{FCF97137-DD7E-4BAE-9C32-8E57FCB1F96C} = {D855C9CE-51B5-4F07-9C01-BAAB9E9A9F89}
		{74AA6F53-C561-4794-B825-6DAC056A8E58} = {D855C9CE-51B5-4F07-9C01-BAAB9E9A9F89}
		{5C8A12DC-12C0-456E-AB89-1787DA7C317D} = {D855C9CE-51B5-4F07-9C01-BAAB9E9A9F89}
		{5C167E5B-9466-40E7-ACDF-E1AAB5FFDB98} = {BA8CF562-9E0F-4BBE-9870-0CB10D76F118}
		{D6235A7F-17A2-49C2-B4A1-A5EB2FFFE097} = {BA8CF562-9E0F-4BBE-9870-0CB10D76F118}
		{79F10846-6661-4FD5-A758-2E3375BD8091} = {BA8CF562-9E0F-4BBE-9870-0CB10D76F118}
		{7CB33FD7-39A8-4BF3-830A-9213FE5D0234} = {BA8CF562-9E0F-4BBE-9870-0CB10D76F118}
		{7EAB1EE6-85EE-4E9A-A2C0-CF19B3F58B9C} = {770ADC7F-BA95-4648-A197-6B0531E711B5}
		{CD0B2C06-2125-46A6-A31A-67DF64B8E83A} = {770ADC7F-BA95-4648-A197-6B0531E711B5}
		{5702F0E5-3702-411D-8B5B-B52DFA87D7DB} = {770ADC7F-BA95-4648-A197-6B0531E711B5}
		{167A93BD-BE13-40A0-AB0B-59269AE68103} = {073E5CFD-7D7D-488B-8A99-E110425E2358}
		{312B43BD-ECE5-413B-9FCB-62C4E6F8470B} = {073E5CFD-7D7D-488B-8A99-E110425E2358}
		{212E367D-9941-4346-8359-71E0EBA4C7AB} = {FCF97137-DD7E-4BAE-9C32-8E57FCB1F96C}
		{8E41FD92-A163-4750-829E-6ACE46535EB9} = {FCF97137-DD7E-4BAE-9C32-8E57FCB1F96C}
		{C5FB9200-0817-40D6-9191-4772BEC14AE4} = {FCF97137-DD7E-4BAE-9C32-8E57FCB1F96C}
		{3B5FB172-C642-45C4-A579-08016D394808} = {FCF97137-DD7E-4BAE-9C32-8E57FCB1F96C}
		{16B82AC0-B5A3-4866-8472-AC5B7E2CAA59} = {FCF97137-DD7E-4BAE-9C32-8E57FCB1F96C}
		{9130B66F-7FA7-4C88-A7B0-5A496768D065} = {74AA6F53-C561-4794-B825-6DAC056A8E58}
		{0E946D61-7006-43A1-B0CD-35C01FF6AD06} = {74AA6F53-C561-4794-B825-6DAC056A8E58}
		{2570D73D-5DD4-483F-BABC-B4AD4BB185BC} = {74AA6F53-C561-4794-B825-6DAC056A8E58}
		{2161C13C-1BE0-49B4-B6EA-C5A2075A9913} = {5C8A12DC-12C0-456E-AB89-1787DA7C317D}
		{48908456-1824-4F43-B8EB-06A53A27E339} = {FCF97137-DD7E-4BAE-9C32-8E57FCB1F96C}
		{4234B74F-921F-4946-9C6E-CD952D6BA627} = {5C8A12DC-12C0-456E-AB89-1787DA7C317D}
		{E6AFD109-1A73-4D87-92BD-045FA41F64A1} = {5C8A12DC-12C0-456E-AB89-1787DA7C317D}
		{5C190400-675F-4E88-AD6C-1B6BA894024B} = {5C8A12DC-12C0-456E-AB89-1787DA7C317D}
		{193672FB-3E11-45C6-8F62-8145456BA33E} = {5C8A12DC-12C0-456E-AB89-1787DA7C317D}
		{07F985D2-D5EC-4A8F-9E1D-53D8C41E8203} = {3A8E3B6C-7C11-49C2-BF1F-B45CAF41ABA4}
		{6250C708-7C64-4FA9-9C7D-1F13F263BA56} = {3A8E3B6C-7C11-49C2-BF1F-B45CAF41ABA4}
		{F2CC206B-0A85-497A-9CBD-CA9A07C7FC0A} = {3A8E3B6C-7C11-49C2-BF1F-B45CAF41ABA4}
		{6CDA9DDD-6CDE-4CF1-89E2-FCE93CE805C4} = {3A8E3B6C-7C11-49C2-BF1F-B45CAF41ABA4}
		{E5DF2CC1-C178-4086-B625-BEB2169C3FF2} = {3A8E3B6C-7C11-49C2-BF1F-B45CAF41ABA4}
		{715A7AEC-D262-4B28-8FF6-7B98ACA702DA} = {3A8E3B6C-7C11-49C2-BF1F-B45CAF41ABA4}
		{FCE38DCC-7DC6-4A1C-A617-072BE5ED821B} = {5C167E5B-9466-40E7-ACDF-E1AAB5FFDB98}
		{17C90D49-E83B-4E31-AAE0-E3A14AEFFAD1} = {5C167E5B-9466-40E7-ACDF-E1AAB5FFDB98}
		{1B07DAB5-8744-4A5C-855A-ADEF91C44177} = {D6235A7F-17A2-49C2-B4A1-A5EB2FFFE097}
		{EEBE0716-100C-4928-8611-CF5FE138BD84} = {D6235A7F-17A2-49C2-B4A1-A5EB2FFFE097}
		{B288B9EA-3524-4ECA-9AA4-0E579389BCE5} = {5C167E5B-9466-40E7-ACDF-E1AAB5FFDB98}
		{6FD0A424-03DE-4581-99AB-0DC3EF139636} = {D6235A7F-17A2-49C2-B4A1-A5EB2FFFE097}
		{CEB90F02-6D2C-42E4-88AD-B23F919AB927} = {D6235A7F-17A2-49C2-B4A1-A5EB2FFFE097}
		{951B20A8-1CBC-4509-B94C-A02096CEA9DA} = {D6235A7F-17A2-49C2-B4A1-A5EB2FFFE097}
		{8406B11D-CA2B-44FE-B909-05B889DFE6BB} = {D6235A7F-17A2-49C2-B4A1-A5EB2FFFE097}
		{B72CA65A-302C-4285-A678-3F4C644C65F9} = {D6235A7F-17A2-49C2-B4A1-A5EB2FFFE097}
		{CFAC4DF4-E8F1-4F9E-808A-D2E384AB47BC} = {79F10846-6661-4FD5-A758-2E3375BD8091}
		{A667FB91-E08A-4444-9886-DBDC4E96B6FB} = {79F10846-6661-4FD5-A758-2E3375BD8091}
		{BE6B43A4-7647-46E6-8558-791CE24962B7} = {79F10846-6661-4FD5-A758-2E3375BD8091}
		{7FF5B66D-3443-410F-A347-8CC7D6AF35BE} = {79F10846-6661-4FD5-A758-2E3375BD8091}
		{EF039855-7D09-4DEC-A509-606C3525A90B} = {7CB33FD7-39A8-4BF3-830A-9213FE5D0234}
		{7904CFE3-6C86-451E-AE4E-78B7088D9751} = {7CB33FD7-39A8-4BF3-830A-9213FE5D0234}
		{EBAFAAF8-E110-42CE-B92C-AA1D7B056DA8} = {7CB33FD7-39A8-4BF3-830A-9213FE5D0234}
	EndGlobalSection
EndGlobal
