
Microsoft Visual Studio Solution File, Format Version 12.00
# Visual Studio Version 17
VisualStudioVersion = 17.0.31903.59
MinimumVisualStudioVersion = 10.0.40219.1
Project("{FAE04EC0-301F-11D3-BF4B-00C04F79EFBC}") = "project1", "Day 1\project1\project1.csproj", "{EBAFAAF8-E110-42CE-B92C-AA1D7B056DA8}"
EndProject
Project("{FAE04EC0-301F-11D3-BF4B-00C04F79EFBC}") = "project2", "Day 1\project2\project2.csproj", "{7904CFE3-6C86-451E-AE4E-78B7088D9751}"
EndProject
Project("{2150E333-8FDC-42A3-9474-1A3956D46DE8}") = "Day 1", "Day 1", "{7CB33FD7-39A8-4BF3-830A-9213FE5D0234}"
EndProject
Project("{FAE04EC0-301F-11D3-BF4B-00C04F79EFBC}") = "project3", "Day 1\project3\project3.csproj", "{EF039855-7D09-4DEC-A509-606C3525A90B}"
EndProject
Project("{2150E333-8FDC-42A3-9474-1A3956D46DE8}") = "Day 2", "Day 2", "{79F10846-6661-4FD5-A758-2E3375BD8091}"
EndProject
Project("{FAE04EC0-301F-11D3-BF4B-00C04F79EFBC}") = "Class", "Day 2\Class\Class.csproj", "{7FF5B66D-3443-410F-A347-8CC7D6AF35BE}"
EndProject
Project("{FAE04EC0-301F-11D3-BF4B-00C04F79EFBC}") = "Auto", "Day 2\Auto\Auto.csproj", "{BE6B43A4-7647-46E6-8558-791CE24962B7}"
EndProject
Project("{FAE04EC0-301F-11D3-BF4B-00C04F79EFBC}") = "Inheritance", "Day 2\Inheritance\Inheritance.csproj", "{A667FB91-E08A-4444-9886-DBDC4E96B6FB}"
EndProject
Project("{FAE04EC0-301F-11D3-BF4B-00C04F79EFBC}") = "Interfacing", "Day 2\Interfacing\Interfacing.csproj", "{CFAC4DF4-E8F1-4F9E-808A-D2E384AB47BC}"
EndProject
Project("{2150E333-8FDC-42A3-9474-1A3956D46DE8}") = "Day 3", "Day 3", "{D6235A7F-17A2-49C2-B4A1-A5EB2FFFE097}"
EndProject
Project("{FAE04EC0-301F-11D3-BF4B-00C04F79EFBC}") = "VirtualOverride", "Day 3\VirtualOverride\VirtualOverride.csproj", "{B72CA65A-302C-4285-A678-3F4C644C65F9}"
EndProject
Global
	GlobalSection(SolutionConfigurationPlatforms) = preSolution
		Debug|Any CPU = Debug|Any CPU
		Release|Any CPU = Release|Any CPU
	EndGlobalSection
	GlobalSection(SolutionProperties) = preSolution
		HideSolutionNode = FALSE
	EndGlobalSection
	GlobalSection(ProjectConfigurationPlatforms) = postSolution
		{EBAFAAF8-E110-42CE-B92C-AA1D7B056DA8}.Debug|Any CPU.ActiveCfg = Debug|Any CPU
		{EBAFAAF8-E110-42CE-B92C-AA1D7B056DA8}.Debug|Any CPU.Build.0 = Debug|Any CPU
		{EBAFAAF8-E110-42CE-B92C-AA1D7B056DA8}.Release|Any CPU.ActiveCfg = Release|Any CPU
		{EBAFAAF8-E110-42CE-B92C-AA1D7B056DA8}.Release|Any CPU.Build.0 = Release|Any CPU
		{7904CFE3-6C86-451E-AE4E-78B7088D9751}.Debug|Any CPU.ActiveCfg = Debug|Any CPU
		{7904CFE3-6C86-451E-AE4E-78B7088D9751}.Debug|Any CPU.Build.0 = Debug|Any CPU
		{7904CFE3-6C86-451E-AE4E-78B7088D9751}.Release|Any CPU.ActiveCfg = Release|Any CPU
		{7904CFE3-6C86-451E-AE4E-78B7088D9751}.Release|Any CPU.Build.0 = Release|Any CPU
		{EF039855-7D09-4DEC-A509-606C3525A90B}.Debug|Any CPU.ActiveCfg = Debug|Any CPU
		{EF039855-7D09-4DEC-A509-606C3525A90B}.Debug|Any CPU.Build.0 = Debug|Any CPU
		{EF039855-7D09-4DEC-A509-606C3525A90B}.Release|Any CPU.ActiveCfg = Release|Any CPU
		{EF039855-7D09-4DEC-A509-606C3525A90B}.Release|Any CPU.Build.0 = Release|Any CPU
		{7FF5B66D-3443-410F-A347-8CC7D6AF35BE}.Debug|Any CPU.ActiveCfg = Debug|Any CPU
		{7FF5B66D-3443-410F-A347-8CC7D6AF35BE}.Debug|Any CPU.Build.0 = Debug|Any CPU
		{7FF5B66D-3443-410F-A347-8CC7D6AF35BE}.Release|Any CPU.ActiveCfg = Release|Any CPU
		{7FF5B66D-3443-410F-A347-8CC7D6AF35BE}.Release|Any CPU.Build.0 = Release|Any CPU
		{BE6B43A4-7647-46E6-8558-791CE24962B7}.Debug|Any CPU.ActiveCfg = Debug|Any CPU
		{BE6B43A4-7647-46E6-8558-791CE24962B7}.Debug|Any CPU.Build.0 = Debug|Any CPU
		{BE6B43A4-7647-46E6-8558-791CE24962B7}.Release|Any CPU.ActiveCfg = Release|Any CPU
		{BE6B43A4-7647-46E6-8558-791CE24962B7}.Release|Any CPU.Build.0 = Release|Any CPU
		{A667FB91-E08A-4444-9886-DBDC4E96B6FB}.Debug|Any CPU.ActiveCfg = Debug|Any CPU
		{A667FB91-E08A-4444-9886-DBDC4E96B6FB}.Debug|Any CPU.Build.0 = Debug|Any CPU
		{A667FB91-E08A-4444-9886-DBDC4E96B6FB}.Release|Any CPU.ActiveCfg = Release|Any CPU
		{A667FB91-E08A-4444-9886-DBDC4E96B6FB}.Release|Any CPU.Build.0 = Release|Any CPU
		{CFAC4DF4-E8F1-4F9E-808A-D2E384AB47BC}.Debug|Any CPU.ActiveCfg = Debug|Any CPU
		{CFAC4DF4-E8F1-4F9E-808A-D2E384AB47BC}.Debug|Any CPU.Build.0 = Debug|Any CPU
		{CFAC4DF4-E8F1-4F9E-808A-D2E384AB47BC}.Release|Any CPU.ActiveCfg = Release|Any CPU
		{CFAC4DF4-E8F1-4F9E-808A-D2E384AB47BC}.Release|Any CPU.Build.0 = Release|Any CPU
		{B72CA65A-302C-4285-A678-3F4C644C65F9}.Debug|Any CPU.ActiveCfg = Debug|Any CPU
		{B72CA65A-302C-4285-A678-3F4C644C65F9}.Debug|Any CPU.Build.0 = Debug|Any CPU
		{B72CA65A-302C-4285-A678-3F4C644C65F9}.Release|Any CPU.ActiveCfg = Release|Any CPU
		{B72CA65A-302C-4285-A678-3F4C644C65F9}.Release|Any CPU.Build.0 = Release|Any CPU
	EndGlobalSection
	GlobalSection(NestedProjects) = preSolution
		{B72CA65A-302C-4285-A678-3F4C644C65F9} = {D6235A7F-17A2-49C2-B4A1-A5EB2FFFE097}
		{CFAC4DF4-E8F1-4F9E-808A-D2E384AB47BC} = {79F10846-6661-4FD5-A758-2E3375BD8091}
		{A667FB91-E08A-4444-9886-DBDC4E96B6FB} = {79F10846-6661-4FD5-A758-2E3375BD8091}
		{BE6B43A4-7647-46E6-8558-791CE24962B7} = {79F10846-6661-4FD5-A758-2E3375BD8091}
		{7FF5B66D-3443-410F-A347-8CC7D6AF35BE} = {79F10846-6661-4FD5-A758-2E3375BD8091}
		{EF039855-7D09-4DEC-A509-606C3525A90B} = {7CB33FD7-39A8-4BF3-830A-9213FE5D0234}
		{7904CFE3-6C86-451E-AE4E-78B7088D9751} = {7CB33FD7-39A8-4BF3-830A-9213FE5D0234}
		{EBAFAAF8-E110-42CE-B92C-AA1D7B056DA8} = {7CB33FD7-39A8-4BF3-830A-9213FE5D0234}
	EndGlobalSection
EndGlobal
