
Microsoft Visual Studio Solution File, Format Version 12.00
# Visual Studio Version 17
VisualStudioVersion = 17.5.002.0
MinimumVisualStudioVersion = 10.0.40219.1
Project("{9A19103F-16F7-4668-BE54-9A1E7A4F7556}") = "MvcMovie", "MvcMovie.csproj", "{853EDC53-F810-4E8D-9EE6-CF97A11EF2B5}"
EndProject
Global
	GlobalSection(SolutionConfigurationPlatforms) = preSolution
		Debug|Any CPU = Debug|Any CPU
		Release|Any CPU = Release|Any CPU
	EndGlobalSection
	GlobalSection(ProjectConfigurationPlatforms) = postSolution
		{853EDC53-F810-4E8D-9EE6-CF97A11EF2B5}.Debug|Any CPU.ActiveCfg = Debug|Any CPU
		{853EDC53-F810-4E8D-9EE6-CF97A11EF2B5}.Debug|Any CPU.Build.0 = Debug|Any CPU
		{853EDC53-F810-4E8D-9EE6-CF97A11EF2B5}.Release|Any CPU.ActiveCfg = Release|Any CPU
		{853EDC53-F810-4E8D-9EE6-CF97A11EF2B5}.Release|Any CPU.Build.0 = Release|Any CPU
	EndGlobalSection
	GlobalSection(SolutionProperties) = preSolution
		HideSolutionNode = FALSE
	EndGlobalSection
	GlobalSection(ExtensibilityGlobals) = postSolution
		SolutionGuid = {EA573FEA-82C8-4BAA-8122-19B7F526D5BC}
	EndGlobalSection
EndGlobal
